
Microsoft Visual Studio Solution File, Format Version 12.00
# Visual Studio Version 17
VisualStudioVersion = 17.2.32630.192
MinimumVisualStudioVersion = 15.0.26124.0
Project("{9A19103F-16F7-4668-BE54-9A1E7A4F7556}") = "Api", "src\Api\Api.csproj", "{972FA85E-C65A-4EB2-916F-67F9547CD3BB}"
EndProject
Project("{9A19103F-16F7-4668-BE54-9A1E7A4F7556}") = "mvc", "src\mvc\mvc.csproj", "{BFEF3824-C674-4163-ADFE-473BAC79AECB}"
EndProject
Project("{9A19103F-16F7-4668-BE54-9A1E7A4F7556}") = "IdentityServerAspNetIdentity", "src\IdentityServerAspNetIdentity\IdentityServerAspNetIdentity.csproj", "{8FE32816-F57E-48DC-A038-38D6ECAF6FB1}"
EndProject
Project("{2150E333-8FDC-42A3-9474-1A3956D46DE8}") = "src", "src", "{2272BC6C-4C4B-42DF-925B-EC71C673758A}"
EndProject
Project("{2150E333-8FDC-42A3-9474-1A3956D46DE8}") = "Core", "Core", "{13804C31-706B-4357-897E-FD61F657FD5D}"
EndProject
Project("{9A19103F-16F7-4668-BE54-9A1E7A4F7556}") = "Confluences.Domain", "Confluences.Domain\Confluences.Domain.csproj", "{7939ABC2-D60F-4099-93CB-061E194CC8BA}"
EndProject
Project("{2150E333-8FDC-42A3-9474-1A3956D46DE8}") = "Infrastructure", "Infrastructure", "{12B10FD3-5347-4C46-97D1-F2DB7140893D}"
EndProject
Project("{9A19103F-16F7-4668-BE54-9A1E7A4F7556}") = "Confluences.Persistence", "Confluences.Persistence\Confluences.Persistence.csproj", "{F5CD76A0-2D40-448B-8F50-A3DA47393673}"
EndProject
Project("{9A19103F-16F7-4668-BE54-9A1E7A4F7556}") = "Confluences.Application", "Confluences.Application\Confluences.Application.csproj", "{3512B1B7-B68F-486A-85B4-431260551699}"
EndProject
Project("{E53339B2-1760-4266-BCC7-CA923CBCF16C}") = "docker-compose", "docker-compose.dcproj", "{9598A58F-F777-427D-BBD6-98D1C628B990}"
EndProject
Project("{9A19103F-16F7-4668-BE54-9A1E7A4F7556}") = "Confluences.Infrastructure", "Confluences.Infrastructure\Confluences.Infrastructure.csproj", "{FD42064B-FC8A-48D9-9C3F-BBB3718106B9}"
EndProject
Global
	GlobalSection(SolutionConfigurationPlatforms) = preSolution
		Debug|Any CPU = Debug|Any CPU
		Debug|x64 = Debug|x64
		Debug|x86 = Debug|x86
		Release|Any CPU = Release|Any CPU
		Release|x64 = Release|x64
		Release|x86 = Release|x86
	EndGlobalSection
	GlobalSection(ProjectConfigurationPlatforms) = postSolution
		{972FA85E-C65A-4EB2-916F-67F9547CD3BB}.Debug|Any CPU.ActiveCfg = Debug|Any CPU
		{972FA85E-C65A-4EB2-916F-67F9547CD3BB}.Debug|Any CPU.Build.0 = Debug|Any CPU
		{972FA85E-C65A-4EB2-916F-67F9547CD3BB}.Debug|x64.ActiveCfg = Debug|Any CPU
		{972FA85E-C65A-4EB2-916F-67F9547CD3BB}.Debug|x64.Build.0 = Debug|Any CPU
		{972FA85E-C65A-4EB2-916F-67F9547CD3BB}.Debug|x86.ActiveCfg = Debug|Any CPU
		{972FA85E-C65A-4EB2-916F-67F9547CD3BB}.Debug|x86.Build.0 = Debug|Any CPU
		{972FA85E-C65A-4EB2-916F-67F9547CD3BB}.Release|Any CPU.ActiveCfg = Release|Any CPU
		{972FA85E-C65A-4EB2-916F-67F9547CD3BB}.Release|Any CPU.Build.0 = Release|Any CPU
		{972FA85E-C65A-4EB2-916F-67F9547CD3BB}.Release|x64.ActiveCfg = Release|Any CPU
		{972FA85E-C65A-4EB2-916F-67F9547CD3BB}.Release|x64.Build.0 = Release|Any CPU
		{972FA85E-C65A-4EB2-916F-67F9547CD3BB}.Release|x86.ActiveCfg = Release|Any CPU
		{972FA85E-C65A-4EB2-916F-67F9547CD3BB}.Release|x86.Build.0 = Release|Any CPU
		{BFEF3824-C674-4163-ADFE-473BAC79AECB}.Debug|Any CPU.ActiveCfg = Debug|Any CPU
		{BFEF3824-C674-4163-ADFE-473BAC79AECB}.Debug|Any CPU.Build.0 = Debug|Any CPU
		{BFEF3824-C674-4163-ADFE-473BAC79AECB}.Debug|x64.ActiveCfg = Debug|Any CPU
		{BFEF3824-C674-4163-ADFE-473BAC79AECB}.Debug|x64.Build.0 = Debug|Any CPU
		{BFEF3824-C674-4163-ADFE-473BAC79AECB}.Debug|x86.ActiveCfg = Debug|Any CPU
		{BFEF3824-C674-4163-ADFE-473BAC79AECB}.Debug|x86.Build.0 = Debug|Any CPU
		{BFEF3824-C674-4163-ADFE-473BAC79AECB}.Release|Any CPU.ActiveCfg = Release|Any CPU
		{BFEF3824-C674-4163-ADFE-473BAC79AECB}.Release|Any CPU.Build.0 = Release|Any CPU
		{BFEF3824-C674-4163-ADFE-473BAC79AECB}.Release|x64.ActiveCfg = Release|Any CPU
		{BFEF3824-C674-4163-ADFE-473BAC79AECB}.Release|x64.Build.0 = Release|Any CPU
		{BFEF3824-C674-4163-ADFE-473BAC79AECB}.Release|x86.ActiveCfg = Release|Any CPU
		{BFEF3824-C674-4163-ADFE-473BAC79AECB}.Release|x86.Build.0 = Release|Any CPU
		{8FE32816-F57E-48DC-A038-38D6ECAF6FB1}.Debug|Any CPU.ActiveCfg = Debug|Any CPU
		{8FE32816-F57E-48DC-A038-38D6ECAF6FB1}.Debug|Any CPU.Build.0 = Debug|Any CPU
		{8FE32816-F57E-48DC-A038-38D6ECAF6FB1}.Debug|x64.ActiveCfg = Debug|Any CPU
		{8FE32816-F57E-48DC-A038-38D6ECAF6FB1}.Debug|x64.Build.0 = Debug|Any CPU
		{8FE32816-F57E-48DC-A038-38D6ECAF6FB1}.Debug|x86.ActiveCfg = Debug|Any CPU
		{8FE32816-F57E-48DC-A038-38D6ECAF6FB1}.Debug|x86.Build.0 = Debug|Any CPU
		{8FE32816-F57E-48DC-A038-38D6ECAF6FB1}.Release|Any CPU.ActiveCfg = Release|Any CPU
		{8FE32816-F57E-48DC-A038-38D6ECAF6FB1}.Release|Any CPU.Build.0 = Release|Any CPU
		{8FE32816-F57E-48DC-A038-38D6ECAF6FB1}.Release|x64.ActiveCfg = Release|Any CPU
		{8FE32816-F57E-48DC-A038-38D6ECAF6FB1}.Release|x64.Build.0 = Release|Any CPU
		{8FE32816-F57E-48DC-A038-38D6ECAF6FB1}.Release|x86.ActiveCfg = Release|Any CPU
		{8FE32816-F57E-48DC-A038-38D6ECAF6FB1}.Release|x86.Build.0 = Release|Any CPU
		{7939ABC2-D60F-4099-93CB-061E194CC8BA}.Debug|Any CPU.ActiveCfg = Debug|Any CPU
		{7939ABC2-D60F-4099-93CB-061E194CC8BA}.Debug|Any CPU.Build.0 = Debug|Any CPU
		{7939ABC2-D60F-4099-93CB-061E194CC8BA}.Debug|x64.ActiveCfg = Debug|Any CPU
		{7939ABC2-D60F-4099-93CB-061E194CC8BA}.Debug|x64.Build.0 = Debug|Any CPU
		{7939ABC2-D60F-4099-93CB-061E194CC8BA}.Debug|x86.ActiveCfg = Debug|Any CPU
		{7939ABC2-D60F-4099-93CB-061E194CC8BA}.Debug|x86.Build.0 = Debug|Any CPU
		{7939ABC2-D60F-4099-93CB-061E194CC8BA}.Release|Any CPU.ActiveCfg = Release|Any CPU
		{7939ABC2-D60F-4099-93CB-061E194CC8BA}.Release|Any CPU.Build.0 = Release|Any CPU
		{7939ABC2-D60F-4099-93CB-061E194CC8BA}.Release|x64.ActiveCfg = Release|Any CPU
		{7939ABC2-D60F-4099-93CB-061E194CC8BA}.Release|x64.Build.0 = Release|Any CPU
		{7939ABC2-D60F-4099-93CB-061E194CC8BA}.Release|x86.ActiveCfg = Release|Any CPU
		{7939ABC2-D60F-4099-93CB-061E194CC8BA}.Release|x86.Build.0 = Release|Any CPU
		{F5CD76A0-2D40-448B-8F50-A3DA47393673}.Debug|Any CPU.ActiveCfg = Debug|Any CPU
		{F5CD76A0-2D40-448B-8F50-A3DA47393673}.Debug|Any CPU.Build.0 = Debug|Any CPU
		{F5CD76A0-2D40-448B-8F50-A3DA47393673}.Debug|x64.ActiveCfg = Debug|Any CPU
		{F5CD76A0-2D40-448B-8F50-A3DA47393673}.Debug|x64.Build.0 = Debug|Any CPU
		{F5CD76A0-2D40-448B-8F50-A3DA47393673}.Debug|x86.ActiveCfg = Debug|Any CPU
		{F5CD76A0-2D40-448B-8F50-A3DA47393673}.Debug|x86.Build.0 = Debug|Any CPU
		{F5CD76A0-2D40-448B-8F50-A3DA47393673}.Release|Any CPU.ActiveCfg = Release|Any CPU
		{F5CD76A0-2D40-448B-8F50-A3DA47393673}.Release|Any CPU.Build.0 = Release|Any CPU
		{F5CD76A0-2D40-448B-8F50-A3DA47393673}.Release|x64.ActiveCfg = Release|Any CPU
		{F5CD76A0-2D40-448B-8F50-A3DA47393673}.Release|x64.Build.0 = Release|Any CPU
		{F5CD76A0-2D40-448B-8F50-A3DA47393673}.Release|x86.ActiveCfg = Release|Any CPU
		{F5CD76A0-2D40-448B-8F50-A3DA47393673}.Release|x86.Build.0 = Release|Any CPU
		{3512B1B7-B68F-486A-85B4-431260551699}.Debug|Any CPU.ActiveCfg = Debug|Any CPU
		{3512B1B7-B68F-486A-85B4-431260551699}.Debug|Any CPU.Build.0 = Debug|Any CPU
		{3512B1B7-B68F-486A-85B4-431260551699}.Debug|x64.ActiveCfg = Debug|Any CPU
		{3512B1B7-B68F-486A-85B4-431260551699}.Debug|x64.Build.0 = Debug|Any CPU
		{3512B1B7-B68F-486A-85B4-431260551699}.Debug|x86.ActiveCfg = Debug|Any CPU
		{3512B1B7-B68F-486A-85B4-431260551699}.Debug|x86.Build.0 = Debug|Any CPU
		{3512B1B7-B68F-486A-85B4-431260551699}.Release|Any CPU.ActiveCfg = Release|Any CPU
		{3512B1B7-B68F-486A-85B4-431260551699}.Release|Any CPU.Build.0 = Release|Any CPU
		{3512B1B7-B68F-486A-85B4-431260551699}.Release|x64.ActiveCfg = Release|Any CPU
		{3512B1B7-B68F-486A-85B4-431260551699}.Release|x64.Build.0 = Release|Any CPU
		{3512B1B7-B68F-486A-85B4-431260551699}.Release|x86.ActiveCfg = Release|Any CPU
		{3512B1B7-B68F-486A-85B4-431260551699}.Release|x86.Build.0 = Release|Any CPU
		{9598A58F-F777-427D-BBD6-98D1C628B990}.Debug|Any CPU.ActiveCfg = Debug|Any CPU
		{9598A58F-F777-427D-BBD6-98D1C628B990}.Debug|Any CPU.Build.0 = Debug|Any CPU
		{9598A58F-F777-427D-BBD6-98D1C628B990}.Debug|x64.ActiveCfg = Debug|Any CPU
		{9598A58F-F777-427D-BBD6-98D1C628B990}.Debug|x64.Build.0 = Debug|Any CPU
		{9598A58F-F777-427D-BBD6-98D1C628B990}.Debug|x86.ActiveCfg = Debug|Any CPU
		{9598A58F-F777-427D-BBD6-98D1C628B990}.Debug|x86.Build.0 = Debug|Any CPU
		{9598A58F-F777-427D-BBD6-98D1C628B990}.Release|Any CPU.ActiveCfg = Release|Any CPU
		{9598A58F-F777-427D-BBD6-98D1C628B990}.Release|Any CPU.Build.0 = Release|Any CPU
		{9598A58F-F777-427D-BBD6-98D1C628B990}.Release|x64.ActiveCfg = Release|Any CPU
		{9598A58F-F777-427D-BBD6-98D1C628B990}.Release|x64.Build.0 = Release|Any CPU
		{9598A58F-F777-427D-BBD6-98D1C628B990}.Release|x86.ActiveCfg = Release|Any CPU
		{9598A58F-F777-427D-BBD6-98D1C628B990}.Release|x86.Build.0 = Release|Any CPU
		{FD42064B-FC8A-48D9-9C3F-BBB3718106B9}.Debug|Any CPU.ActiveCfg = Debug|Any CPU
		{FD42064B-FC8A-48D9-9C3F-BBB3718106B9}.Debug|Any CPU.Build.0 = Debug|Any CPU
		{FD42064B-FC8A-48D9-9C3F-BBB3718106B9}.Debug|x64.ActiveCfg = Debug|Any CPU
		{FD42064B-FC8A-48D9-9C3F-BBB3718106B9}.Debug|x64.Build.0 = Debug|Any CPU
		{FD42064B-FC8A-48D9-9C3F-BBB3718106B9}.Debug|x86.ActiveCfg = Debug|Any CPU
		{FD42064B-FC8A-48D9-9C3F-BBB3718106B9}.Debug|x86.Build.0 = Debug|Any CPU
		{FD42064B-FC8A-48D9-9C3F-BBB3718106B9}.Release|Any CPU.ActiveCfg = Release|Any CPU
		{FD42064B-FC8A-48D9-9C3F-BBB3718106B9}.Release|Any CPU.Build.0 = Release|Any CPU
		{FD42064B-FC8A-48D9-9C3F-BBB3718106B9}.Release|x64.ActiveCfg = Release|Any CPU
		{FD42064B-FC8A-48D9-9C3F-BBB3718106B9}.Release|x64.Build.0 = Release|Any CPU
		{FD42064B-FC8A-48D9-9C3F-BBB3718106B9}.Release|x86.ActiveCfg = Release|Any CPU
		{FD42064B-FC8A-48D9-9C3F-BBB3718106B9}.Release|x86.Build.0 = Release|Any CPU
	EndGlobalSection
	GlobalSection(SolutionProperties) = preSolution
		HideSolutionNode = FALSE
	EndGlobalSection
	GlobalSection(NestedProjects) = preSolution
		{13804C31-706B-4357-897E-FD61F657FD5D} = {2272BC6C-4C4B-42DF-925B-EC71C673758A}
		{7939ABC2-D60F-4099-93CB-061E194CC8BA} = {13804C31-706B-4357-897E-FD61F657FD5D}
		{12B10FD3-5347-4C46-97D1-F2DB7140893D} = {2272BC6C-4C4B-42DF-925B-EC71C673758A}
		{F5CD76A0-2D40-448B-8F50-A3DA47393673} = {12B10FD3-5347-4C46-97D1-F2DB7140893D}
		{3512B1B7-B68F-486A-85B4-431260551699} = {13804C31-706B-4357-897E-FD61F657FD5D}
		{FD42064B-FC8A-48D9-9C3F-BBB3718106B9} = {12B10FD3-5347-4C46-97D1-F2DB7140893D}
	EndGlobalSection
	GlobalSection(ExtensibilityGlobals) = postSolution
		SolutionGuid = {FC371D45-CCD5-4C8E-88BA-C6D942C1F6F8}
	EndGlobalSection
EndGlobal
